PODS:
  - Charts (3.1.1):
    - Charts/Core (= 3.1.1)
  - Charts/Core (3.1.1)
  - Mapbox-iOS-SDK (4.1.1)
  - SwiftSocket (2.0.2)

DEPENDENCIES:
  - Charts
  - Mapbox-iOS-SDK
  - SwiftSocket

SPEC REPOS:
  https://github.com/cocoapods/specs.git:
    - Charts
    - Mapbox-iOS-SDK
    - SwiftSocket

SPEC CHECKSUMS:
  Charts: 90a4d61da0f6e06684c591e3bcab11940fe61736
  Mapbox-iOS-SDK: 78e66fad4085433d04fccb9364df4be08042fb82
  SwiftSocket: 6f4c9c63fbc5c1d61188936bb3c599fd546f40ae

PODFILE CHECKSUM: 046d844b9c125090de7f3c2253ff3ea83278bea5

COCOAPODS: 1.5.3
